{
  "pins" : [
    {
      "identity" : "alamofire",
      "kind" : "remoteSourceControl",
      "location" : "https://github.com/Alamofire/Alamofire.git",
      "state" : {
        "revision" : "78424be314842833c04bc3bef5b72e85fff99204",
        "version" : "5.6.4"
      }
    },
    {
      "identity" : "dropdown",
      "kind" : "remoteSourceControl",
      "location" : "https://github.com/AssistoLab/DropDown",
      "state" : {
        "branch" : "master",
        "revision" : "2ab6f6ce19f0117d1a76ea043ef8f57722c65d16"
      }
    },
    {
      "identity" : "moya",
      "kind" : "remoteSourceControl",
      "location" : "https://github.com/Moya/Moya",
      "state" : {
        "branch" : "master",
        "revision" : "77e67c0b25ebd785c6fe56cad544885f67c8c2c4"
      }
    },
    {
      "identity" : "msglayout",
      "kind" : "remoteSourceControl",
      "location" : "https://github.com/GSM-MSG/MSGLayout",
      "state" : {
        "revision" : "0ae84d6b30725f03d0a80a6630aea34f6bda6e0d",
        "version" : "1.0.2"
      }
    },
    {
      "identity" : "reactiveswift",
      "kind" : "remoteSourceControl",
      "location" : "https://github.com/ReactiveCocoa/ReactiveSwift.git",
      "state" : {
        "revision" : "c43bae3dac73fdd3cb906bd5a1914686ca71ed3c",
        "version" : "6.7.0"
      }
    },
    {
      "identity" : "rxflow",
      "kind" : "remoteSourceControl",
      "location" : "https://github.com/RxSwiftCommunity/RxFlow",
      "state" : {
        "revision" : "d8d4e53d05239f1ec1bd8bec173907868afa0fa1",
        "version" : "2.13.0"
      }
    },
    {
      "identity" : "rxswift",
      "kind" : "remoteSourceControl",
      "location" : "https://github.com/ReactiveX/RxSwift",
      "state" : {
        "branch" : "main",
        "revision" : "91a36920b1ec069004fef9dc41b7c5dbcaa5fffe"
      }
    },
    {
      "identity" : "snapkit",
      "kind" : "remoteSourceControl",
      "location" : "https://github.com/SnapKit/SnapKit",
      "state" : {
        "branch" : "develop",
        "revision" : "58320fe80522414bf3a7e24c88123581dc586752"
      }
    },
    {
      "identity" : "then",
      "kind" : "remoteSourceControl",
      "location" : "https://github.com/devxoul/Then",
      "state" : {
        "branch" : "master",
        "revision" : "d41ef523faef0f911369f79c0b96815d9dbb6d7a"
      }
    }
  ],
  "version" : 2
}
