// !$*UTF8*$!
{
	archiveVersion = 1;
	classes = {
	};
	objectVersion = 56;
	objects = {

/* Begin PBXBuildFile section */
		7753E605294B2FE40067A263 /* LoginViewController.swift in Sources */ = {isa = PBXBuildFile; fileRef = 7753E604294B2FE40067A263 /* LoginViewController.swift */; };
		7753E607294B2FF00067A263 /* LoginViewModel.swift in Sources */ = {isa = PBXBuildFile; fileRef = 7753E606294B2FF00067A263 /* LoginViewModel.swift */; };
		7753E60B294B31310067A263 /* S&CFont.swift in Sources */ = {isa = PBXBuildFile; fileRef = 7753E60A294B31310067A263 /* S&CFont.swift */; };
		7753E620294B345E0067A263 /* S&CColor.swift in Sources */ = {isa = PBXBuildFile; fileRef = 7753E61F294B345E0067A263 /* S&CColor.swift */; };
		7753E621294B39CE0067A263 /* NotoSansKR-Light.otf in Resources */ = {isa = PBXBuildFile; fileRef = 7753E61B294B31DE0067A263 /* NotoSansKR-Light.otf */; };
		7753E622294B39CE0067A263 /* NotoSansKR-Black.otf in Resources */ = {isa = PBXBuildFile; fileRef = 7753E61C294B31DE0067A263 /* NotoSansKR-Black.otf */; };
		7753E623294B39CE0067A263 /* NotoSansKR-Regular.otf in Resources */ = {isa = PBXBuildFile; fileRef = 7753E61A294B31DE0067A263 /* NotoSansKR-Regular.otf */; };
		7753E624294B39CE0067A263 /* NotoSansKR-Medium.otf in Resources */ = {isa = PBXBuildFile; fileRef = 7753E61E294B31DF0067A263 /* NotoSansKR-Medium.otf */; };
		7753E625294B39CE0067A263 /* NotoSansKR-Bold.otf in Resources */ = {isa = PBXBuildFile; fileRef = 7753E61D294B31DE0067A263 /* NotoSansKR-Bold.otf */; };
		7753E626294B39CE0067A263 /* NotoSansKR-Thin.otf in Resources */ = {isa = PBXBuildFile; fileRef = 7753E619294B31DE0067A263 /* NotoSansKR-Thin.otf */; };
		7753E62C294B3EC50067A263 /* SignUpViewController.swift in Sources */ = {isa = PBXBuildFile; fileRef = 7753E62B294B3EC50067A263 /* SignUpViewController.swift */; };
		7753E62E294B3ECF0067A263 /* SignUpViewModel.swift in Sources */ = {isa = PBXBuildFile; fileRef = 7753E62D294B3ECF0067A263 /* SignUpViewModel.swift */; };
		7753E631294B41320067A263 /* ViewModelProtocol.swift in Sources */ = {isa = PBXBuildFile; fileRef = 7753E630294B41320067A263 /* ViewModelProtocol.swift */; };
		7753E633294B5A5A0067A263 /* S&CShadow.swift in Sources */ = {isa = PBXBuildFile; fileRef = 7753E632294B5A5A0067A263 /* S&CShadow.swift */; };
		7753E635294B67A60067A263 /* S&CTextField.swift in Sources */ = {isa = PBXBuildFile; fileRef = 7753E634294B67A60067A263 /* S&CTextField.swift */; };
		7753E63F294C3E020067A263 /* Moya in Frameworks */ = {isa = PBXBuildFile; productRef = 7753E63E294C3E020067A263 /* Moya */; };
		7753E643294C3EB30067A263 /* GeneralAPI.swift in Sources */ = {isa = PBXBuildFile; fileRef = 7753E642294C3EB30067A263 /* GeneralAPI.swift */; };
		7753E645294C3FBC0067A263 /* NetworkResult.swift in Sources */ = {isa = PBXBuildFile; fileRef = 7753E644294C3FBC0067A263 /* NetworkResult.swift */; };
		7753E64829500E3F0067A263 /* LoginModel.swift in Sources */ = {isa = PBXBuildFile; fileRef = 7753E64729500E3F0067A263 /* LoginModel.swift */; };
		7753E64A29500EC60067A263 /* LoginRequest.swift in Sources */ = {isa = PBXBuildFile; fileRef = 7753E64929500EC60067A263 /* LoginRequest.swift */; };
		7753E64C29500FD20067A263 /* LoginServices.swift in Sources */ = {isa = PBXBuildFile; fileRef = 7753E64B29500FD20067A263 /* LoginServices.swift */; };
		7753E64E29500FF60067A263 /* SignUpModel.swift in Sources */ = {isa = PBXBuildFile; fileRef = 7753E64D29500FF60067A263 /* SignUpModel.swift */; };
		7753E650295010050067A263 /* SignUpRequest.swift in Sources */ = {isa = PBXBuildFile; fileRef = 7753E64F295010050067A263 /* SignUpRequest.swift */; };
		7753E653295024B60067A263 /* SignUp.swift in Sources */ = {isa = PBXBuildFile; fileRef = 7753E652295024B60067A263 /* SignUp.swift */; };
		7753E655295027BE0067A263 /* Login.swift in Sources */ = {isa = PBXBuildFile; fileRef = 7753E654295027BE0067A263 /* Login.swift */; };
		7753E657295145080067A263 /* MainServices.swift in Sources */ = {isa = PBXBuildFile; fileRef = 7753E656295145080067A263 /* MainServices.swift */; };
		7753E659295146420067A263 /* ListModel.swift in Sources */ = {isa = PBXBuildFile; fileRef = 7753E658295146420067A263 /* ListModel.swift */; };
		7753E65B295146520067A263 /* ListRequest.swift in Sources */ = {isa = PBXBuildFile; fileRef = 7753E65A295146520067A263 /* ListRequest.swift */; };
		7753E660295178E10067A263 /* CreateConViewController.swift in Sources */ = {isa = PBXBuildFile; fileRef = 7753E65F295178E10067A263 /* CreateConViewController.swift */; };
		7753E662295178ED0067A263 /* CreateConViewModel.swift in Sources */ = {isa = PBXBuildFile; fileRef = 7753E661295178ED0067A263 /* CreateConViewModel.swift */; };
		7753E66729517B230067A263 /* CreateStuViewController.swift in Sources */ = {isa = PBXBuildFile; fileRef = 7753E66629517B230067A263 /* CreateStuViewController.swift */; };
		7753E66929517B300067A263 /* CreateStuViewModel.swift in Sources */ = {isa = PBXBuildFile; fileRef = 7753E66829517B300067A263 /* CreateStuViewModel.swift */; };
		7753E66F29546D950067A263 /* RefreshModel.swift in Sources */ = {isa = PBXBuildFile; fileRef = 7753E66E29546D950067A263 /* RefreshModel.swift */; };
		7753E67129546DF80067A263 /* RefreshRequest.swift in Sources */ = {isa = PBXBuildFile; fileRef = 7753E67029546DF80067A263 /* RefreshRequest.swift */; };
		7753E6732954715D0067A263 /* Refresh.swift in Sources */ = {isa = PBXBuildFile; fileRef = 7753E6722954715D0067A263 /* Refresh.swift */; };
		7753E67B295535CC0067A263 /* CheckHomebaseModel.swift in Sources */ = {isa = PBXBuildFile; fileRef = 7753E67A295535CC0067A263 /* CheckHomebaseModel.swift */; };
		7753E67E295535DA0067A263 /* CheckHomebaseRequest.swift in Sources */ = {isa = PBXBuildFile; fileRef = 7753E67D295535DA0067A263 /* CheckHomebaseRequest.swift */; };
		7753E680295535E40067A263 /* CheckAudiovisualModel.swift in Sources */ = {isa = PBXBuildFile; fileRef = 7753E67F295535E40067A263 /* CheckAudiovisualModel.swift */; };
		7753E682295535F50067A263 /* CheckAudiovisualRequest.swift in Sources */ = {isa = PBXBuildFile; fileRef = 7753E681295535F50067A263 /* CheckAudiovisualRequest.swift */; };
		7753E68929554E740067A263 /* MainViewController.swift in Sources */ = {isa = PBXBuildFile; fileRef = 7753E68829554E740067A263 /* MainViewController.swift */; };
		7753E68B29554E920067A263 /* MainViewModel.swift in Sources */ = {isa = PBXBuildFile; fileRef = 7753E68A29554E920067A263 /* MainViewModel.swift */; };
		77BF4D0B29400DC800330346 /* AppDelegate.swift in Sources */ = {isa = PBXBuildFile; fileRef = 77BF4D0A29400DC800330346 /* AppDelegate.swift */; };
		77BF4D0D29400DC800330346 /* SceneDelegate.swift in Sources */ = {isa = PBXBuildFile; fileRef = 77BF4D0C29400DC800330346 /* SceneDelegate.swift */; };
		77BF4D0F29400DC800330346 /* IntroViewController.swift in Sources */ = {isa = PBXBuildFile; fileRef = 77BF4D0E29400DC800330346 /* IntroViewController.swift */; };
		77BF4D1429400DC900330346 /* Assets.xcassets in Resources */ = {isa = PBXBuildFile; fileRef = 77BF4D1329400DC900330346 /* Assets.xcassets */; };
		77BF4D1729400DC900330346 /* LaunchScreen.storyboard in Resources */ = {isa = PBXBuildFile; fileRef = 77BF4D1529400DC900330346 /* LaunchScreen.storyboard */; };
		77BF4D1F2940645B00330346 /* MainCoordinator.swift in Sources */ = {isa = PBXBuildFile; fileRef = 77BF4D1E2940645B00330346 /* MainCoordinator.swift */; };
		77BF4D222940647500330346 /* SnapKit in Frameworks */ = {isa = PBXBuildFile; productRef = 77BF4D212940647500330346 /* SnapKit */; };
		77BF4D252940649B00330346 /* Then in Frameworks */ = {isa = PBXBuildFile; productRef = 77BF4D242940649B00330346 /* Then */; };
		77BF4D28294064BF00330346 /* RxCocoa in Frameworks */ = {isa = PBXBuildFile; productRef = 77BF4D27294064BF00330346 /* RxCocoa */; };
		77BF4D2A294064BF00330346 /* RxSwift in Frameworks */ = {isa = PBXBuildFile; productRef = 77BF4D29294064BF00330346 /* RxSwift */; };
		77BF4D2C294064E300330346 /* Coordinator.swift in Sources */ = {isa = PBXBuildFile; fileRef = 77BF4D2B294064E300330346 /* Coordinator.swift */; };
		77BF4D312940655E00330346 /* IntroViewModel.swift in Sources */ = {isa = PBXBuildFile; fileRef = 77BF4D302940655E00330346 /* IntroViewModel.swift */; };
		77BF4D332940659000330346 /* BaseViewController.swift in Sources */ = {isa = PBXBuildFile; fileRef = 77BF4D322940659000330346 /* BaseViewController.swift */; };
		77BF4D35294065A000330346 /* BaseViewModel.swift in Sources */ = {isa = PBXBuildFile; fileRef = 77BF4D34294065A000330346 /* BaseViewModel.swift */; };
/* End PBXBuildFile section */

/* Begin PBXFileReference section */
		7753E604294B2FE40067A263 /* LoginViewController.swift */ = {isa = PBXFileReference; lastKnownFileType = sourcecode.swift; path = LoginViewController.swift; sourceTree = "<group>"; };
		7753E606294B2FF00067A263 /* LoginViewModel.swift */ = {isa = PBXFileReference; lastKnownFileType = sourcecode.swift; path = LoginViewModel.swift; sourceTree = "<group>"; };
		7753E60A294B31310067A263 /* S&CFont.swift */ = {isa = PBXFileReference; lastKnownFileType = sourcecode.swift; path = "S&CFont.swift"; sourceTree = "<group>"; };
		7753E619294B31DE0067A263 /* NotoSansKR-Thin.otf */ = {isa = PBXFileReference; lastKnownFileType = file; path = "NotoSansKR-Thin.otf"; sourceTree = "<group>"; };
		7753E61A294B31DE0067A263 /* NotoSansKR-Regular.otf */ = {isa = PBXFileReference; lastKnownFileType = file; path = "NotoSansKR-Regular.otf"; sourceTree = "<group>"; };
		7753E61B294B31DE0067A263 /* NotoSansKR-Light.otf */ = {isa = PBXFileReference; lastKnownFileType = file; path = "NotoSansKR-Light.otf"; sourceTree = "<group>"; };
		7753E61C294B31DE0067A263 /* NotoSansKR-Black.otf */ = {isa = PBXFileReference; lastKnownFileType = file; path = "NotoSansKR-Black.otf"; sourceTree = "<group>"; };
		7753E61D294B31DE0067A263 /* NotoSansKR-Bold.otf */ = {isa = PBXFileReference; lastKnownFileType = file; path = "NotoSansKR-Bold.otf"; sourceTree = "<group>"; };
		7753E61E294B31DF0067A263 /* NotoSansKR-Medium.otf */ = {isa = PBXFileReference; lastKnownFileType = file; path = "NotoSansKR-Medium.otf"; sourceTree = "<group>"; };
		7753E61F294B345E0067A263 /* S&CColor.swift */ = {isa = PBXFileReference; lastKnownFileType = sourcecode.swift; path = "S&CColor.swift"; sourceTree = "<group>"; };
		7753E62B294B3EC50067A263 /* SignUpViewController.swift */ = {isa = PBXFileReference; lastKnownFileType = sourcecode.swift; path = SignUpViewController.swift; sourceTree = "<group>"; };
		7753E62D294B3ECF0067A263 /* SignUpViewModel.swift */ = {isa = PBXFileReference; lastKnownFileType = sourcecode.swift; path = SignUpViewModel.swift; sourceTree = "<group>"; };
		7753E630294B41320067A263 /* ViewModelProtocol.swift */ = {isa = PBXFileReference; lastKnownFileType = sourcecode.swift; path = ViewModelProtocol.swift; sourceTree = "<group>"; };
		7753E632294B5A5A0067A263 /* S&CShadow.swift */ = {isa = PBXFileReference; lastKnownFileType = sourcecode.swift; path = "S&CShadow.swift"; sourceTree = "<group>"; };
		7753E634294B67A60067A263 /* S&CTextField.swift */ = {isa = PBXFileReference; lastKnownFileType = sourcecode.swift; path = "S&CTextField.swift"; sourceTree = "<group>"; };
		7753E642294C3EB30067A263 /* GeneralAPI.swift */ = {isa = PBXFileReference; lastKnownFileType = sourcecode.swift; path = GeneralAPI.swift; sourceTree = "<group>"; };
		7753E644294C3FBC0067A263 /* NetworkResult.swift */ = {isa = PBXFileReference; lastKnownFileType = sourcecode.swift; path = NetworkResult.swift; sourceTree = "<group>"; };
		7753E64729500E3F0067A263 /* LoginModel.swift */ = {isa = PBXFileReference; lastKnownFileType = sourcecode.swift; path = LoginModel.swift; sourceTree = "<group>"; };
		7753E64929500EC60067A263 /* LoginRequest.swift */ = {isa = PBXFileReference; lastKnownFileType = sourcecode.swift; path = LoginRequest.swift; sourceTree = "<group>"; };
		7753E64B29500FD20067A263 /* LoginServices.swift */ = {isa = PBXFileReference; lastKnownFileType = sourcecode.swift; path = LoginServices.swift; sourceTree = "<group>"; };
		7753E64D29500FF60067A263 /* SignUpModel.swift */ = {isa = PBXFileReference; lastKnownFileType = sourcecode.swift; path = SignUpModel.swift; sourceTree = "<group>"; };
		7753E64F295010050067A263 /* SignUpRequest.swift */ = {isa = PBXFileReference; lastKnownFileType = sourcecode.swift; path = SignUpRequest.swift; sourceTree = "<group>"; };
		7753E652295024B60067A263 /* SignUp.swift */ = {isa = PBXFileReference; lastKnownFileType = sourcecode.swift; path = SignUp.swift; sourceTree = "<group>"; };
		7753E654295027BE0067A263 /* Login.swift */ = {isa = PBXFileReference; lastKnownFileType = sourcecode.swift; path = Login.swift; sourceTree = "<group>"; };
		7753E656295145080067A263 /* MainServices.swift */ = {isa = PBXFileReference; lastKnownFileType = sourcecode.swift; path = MainServices.swift; sourceTree = "<group>"; };
		7753E658295146420067A263 /* ListModel.swift */ = {isa = PBXFileReference; lastKnownFileType = sourcecode.swift; path = ListModel.swift; sourceTree = "<group>"; };
		7753E65A295146520067A263 /* ListRequest.swift */ = {isa = PBXFileReference; lastKnownFileType = sourcecode.swift; path = ListRequest.swift; sourceTree = "<group>"; };
		7753E65F295178E10067A263 /* CreateConViewController.swift */ = {isa = PBXFileReference; lastKnownFileType = sourcecode.swift; path = CreateConViewController.swift; sourceTree = "<group>"; };
		7753E661295178ED0067A263 /* CreateConViewModel.swift */ = {isa = PBXFileReference; lastKnownFileType = sourcecode.swift; path = CreateConViewModel.swift; sourceTree = "<group>"; };
		7753E66629517B230067A263 /* CreateStuViewController.swift */ = {isa = PBXFileReference; lastKnownFileType = sourcecode.swift; path = CreateStuViewController.swift; sourceTree = "<group>"; };
		7753E66829517B300067A263 /* CreateStuViewModel.swift */ = {isa = PBXFileReference; lastKnownFileType = sourcecode.swift; path = CreateStuViewModel.swift; sourceTree = "<group>"; };
		7753E66E29546D950067A263 /* RefreshModel.swift */ = {isa = PBXFileReference; lastKnownFileType = sourcecode.swift; path = RefreshModel.swift; sourceTree = "<group>"; };
		7753E67029546DF80067A263 /* RefreshRequest.swift */ = {isa = PBXFileReference; lastKnownFileType = sourcecode.swift; path = RefreshRequest.swift; sourceTree = "<group>"; };
		7753E6722954715D0067A263 /* Refresh.swift */ = {isa = PBXFileReference; lastKnownFileType = sourcecode.swift; path = Refresh.swift; sourceTree = "<group>"; };
		7753E67A295535CC0067A263 /* CheckHomebaseModel.swift */ = {isa = PBXFileReference; lastKnownFileType = sourcecode.swift; path = CheckHomebaseModel.swift; sourceTree = "<group>"; };
		7753E67D295535DA0067A263 /* CheckHomebaseRequest.swift */ = {isa = PBXFileReference; lastKnownFileType = sourcecode.swift; path = CheckHomebaseRequest.swift; sourceTree = "<group>"; };
		7753E67F295535E40067A263 /* CheckAudiovisualModel.swift */ = {isa = PBXFileReference; lastKnownFileType = sourcecode.swift; path = CheckAudiovisualModel.swift; sourceTree = "<group>"; };
		7753E681295535F50067A263 /* CheckAudiovisualRequest.swift */ = {isa = PBXFileReference; lastKnownFileType = sourcecode.swift; path = CheckAudiovisualRequest.swift; sourceTree = "<group>"; };
		7753E68829554E740067A263 /* MainViewController.swift */ = {isa = PBXFileReference; lastKnownFileType = sourcecode.swift; path = MainViewController.swift; sourceTree = "<group>"; };
		7753E68A29554E920067A263 /* MainViewModel.swift */ = {isa = PBXFileReference; lastKnownFileType = sourcecode.swift; path = MainViewModel.swift; sourceTree = "<group>"; };
		77BF4D0729400DC800330346 /* idea.app */ = {isa = PBXFileReference; explicitFileType = wrapper.application; includeInIndex = 0; path = idea.app; sourceTree = BUILT_PRODUCTS_DIR; };
		77BF4D0A29400DC800330346 /* AppDelegate.swift */ = {isa = PBXFileReference; lastKnownFileType = sourcecode.swift; path = AppDelegate.swift; sourceTree = "<group>"; };
		77BF4D0C29400DC800330346 /* SceneDelegate.swift */ = {isa = PBXFileReference; lastKnownFileType = sourcecode.swift; path = SceneDelegate.swift; sourceTree = "<group>"; };
		77BF4D0E29400DC800330346 /* IntroViewController.swift */ = {isa = PBXFileReference; lastKnownFileType = sourcecode.swift; path = IntroViewController.swift; sourceTree = "<group>"; };
		77BF4D1329400DC900330346 /* Assets.xcassets */ = {isa = PBXFileReference; lastKnownFileType = folder.assetcatalog; path = Assets.xcassets; sourceTree = "<group>"; };
		77BF4D1629400DC900330346 /* Base */ = {isa = PBXFileReference; lastKnownFileType = file.storyboard; name = Base; path = Base.lproj/LaunchScreen.storyboard; sourceTree = "<group>"; };
		77BF4D1829400DC900330346 /* Info.plist */ = {isa = PBXFileReference; lastKnownFileType = text.plist.xml; path = Info.plist; sourceTree = "<group>"; };
		77BF4D1E2940645B00330346 /* MainCoordinator.swift */ = {isa = PBXFileReference; lastKnownFileType = sourcecode.swift; path = MainCoordinator.swift; sourceTree = "<group>"; };
		77BF4D2B294064E300330346 /* Coordinator.swift */ = {isa = PBXFileReference; lastKnownFileType = sourcecode.swift; path = Coordinator.swift; sourceTree = "<group>"; };
		77BF4D302940655E00330346 /* IntroViewModel.swift */ = {isa = PBXFileReference; lastKnownFileType = sourcecode.swift; path = IntroViewModel.swift; sourceTree = "<group>"; };
		77BF4D322940659000330346 /* BaseViewController.swift */ = {isa = PBXFileReference; lastKnownFileType = sourcecode.swift; path = BaseViewController.swift; sourceTree = "<group>"; };
		77BF4D34294065A000330346 /* BaseViewModel.swift */ = {isa = PBXFileReference; lastKnownFileType = sourcecode.swift; path = BaseViewModel.swift; sourceTree = "<group>"; };
/* End PBXFileReference section */

/* Begin PBXFrameworksBuildPhase section */
		77BF4D0429400DC800330346 /* Frameworks */ = {
			isa = PBXFrameworksBuildPhase;
			buildActionMask = 2147483647;
			files = (
				77BF4D28294064BF00330346 /* RxCocoa in Frameworks */,
				77BF4D222940647500330346 /* SnapKit in Frameworks */,
				77BF4D2A294064BF00330346 /* RxSwift in Frameworks */,
				7753E63F294C3E020067A263 /* Moya in Frameworks */,
				77BF4D252940649B00330346 /* Then in Frameworks */,
			);
			runOnlyForDeploymentPostprocessing = 0;
		};
/* End PBXFrameworksBuildPhase section */

/* Begin PBXGroup section */
		7753E601294B2FBD0067A263 /* Login */ = {
			isa = PBXGroup;
			children = (
				7753E603294B2FD60067A263 /* ViewModel */,
				7753E602294B2FD00067A263 /* View */,
			);
			path = Login;
			sourceTree = "<group>";
		};
		7753E602294B2FD00067A263 /* View */ = {
			isa = PBXGroup;
			children = (
				7753E604294B2FE40067A263 /* LoginViewController.swift */,
			);
			path = View;
			sourceTree = "<group>";
		};
		7753E603294B2FD60067A263 /* ViewModel */ = {
			isa = PBXGroup;
			children = (
				7753E606294B2FF00067A263 /* LoginViewModel.swift */,
			);
			path = ViewModel;
			sourceTree = "<group>";
		};
		7753E608294B31150067A263 /* Utils */ = {
			isa = PBXGroup;
			children = (
				7753E62F294B41230067A263 /* Protocol */,
				7753E609294B311F0067A263 /* Extension */,
			);
			path = Utils;
			sourceTree = "<group>";
		};
		7753E609294B311F0067A263 /* Extension */ = {
			isa = PBXGroup;
			children = (
				7753E651295024A40067A263 /* Network */,
				7753E60A294B31310067A263 /* S&CFont.swift */,
				7753E61F294B345E0067A263 /* S&CColor.swift */,
				7753E632294B5A5A0067A263 /* S&CShadow.swift */,
				7753E634294B67A60067A263 /* S&CTextField.swift */,
			);
			path = Extension;
			sourceTree = "<group>";
		};
		7753E618294B31D20067A263 /* Font */ = {
			isa = PBXGroup;
			children = (
				7753E61C294B31DE0067A263 /* NotoSansKR-Black.otf */,
				7753E61D294B31DE0067A263 /* NotoSansKR-Bold.otf */,
				7753E61B294B31DE0067A263 /* NotoSansKR-Light.otf */,
				7753E61E294B31DF0067A263 /* NotoSansKR-Medium.otf */,
				7753E61A294B31DE0067A263 /* NotoSansKR-Regular.otf */,
				7753E619294B31DE0067A263 /* NotoSansKR-Thin.otf */,
			);
			path = Font;
			sourceTree = "<group>";
		};
		7753E627294B3E9D0067A263 /* SignUp */ = {
			isa = PBXGroup;
			children = (
				7753E62A294B3EB60067A263 /* ViewModel */,
				7753E629294B3EA80067A263 /* View */,
			);
			path = SignUp;
			sourceTree = "<group>";
		};
		7753E629294B3EA80067A263 /* View */ = {
			isa = PBXGroup;
			children = (
				7753E62B294B3EC50067A263 /* SignUpViewController.swift */,
			);
			path = View;
			sourceTree = "<group>";
		};
		7753E62A294B3EB60067A263 /* ViewModel */ = {
			isa = PBXGroup;
			children = (
				7753E62D294B3ECF0067A263 /* SignUpViewModel.swift */,
			);
			path = ViewModel;
			sourceTree = "<group>";
		};
		7753E62F294B41230067A263 /* Protocol */ = {
			isa = PBXGroup;
			children = (
				7753E630294B41320067A263 /* ViewModelProtocol.swift */,
			);
			path = Protocol;
			sourceTree = "<group>";
		};
		7753E640294C3E760067A263 /* Resource */ = {
			isa = PBXGroup;
			children = (
				7753E641294C3E890067A263 /* APIServices */,
			);
			path = Resource;
			sourceTree = "<group>";
		};
		7753E641294C3E890067A263 /* APIServices */ = {
			isa = PBXGroup;
			children = (
				7753E677295535A70067A263 /* Create */,
				7753E676295535950067A263 /* Main */,
				7753E675295535840067A263 /* General */,
				7753E674295535590067A263 /* auth */,
			);
			path = APIServices;
			sourceTree = "<group>";
		};
		7753E651295024A40067A263 /* Network */ = {
			isa = PBXGroup;
			children = (
				7753E68429554DED0067A263 /* Main */,
				7753E68329554DE50067A263 /* Auth */,
			);
			path = Network;
			sourceTree = "<group>";
		};
		7753E65C2951788E0067A263 /* CreateCon */ = {
			isa = PBXGroup;
			children = (
				7753E65E295178CF0067A263 /* ViewModel */,
				7753E65D295178C70067A263 /* View */,
			);
			path = CreateCon;
			sourceTree = "<group>";
		};
		7753E65D295178C70067A263 /* View */ = {
			isa = PBXGroup;
			children = (
				7753E65F295178E10067A263 /* CreateConViewController.swift */,
			);
			path = View;
			sourceTree = "<group>";
		};
		7753E65E295178CF0067A263 /* ViewModel */ = {
			isa = PBXGroup;
			children = (
				7753E661295178ED0067A263 /* CreateConViewModel.swift */,
			);
			path = ViewModel;
			sourceTree = "<group>";
		};
		7753E66329517AFB0067A263 /* CreateStu */ = {
			isa = PBXGroup;
			children = (
				7753E66529517B080067A263 /* ViewModel */,
				7753E66429517B040067A263 /* View */,
			);
			path = CreateStu;
			sourceTree = "<group>";
		};
		7753E66429517B040067A263 /* View */ = {
			isa = PBXGroup;
			children = (
				7753E66629517B230067A263 /* CreateStuViewController.swift */,
			);
			path = View;
			sourceTree = "<group>";
		};
		7753E66529517B080067A263 /* ViewModel */ = {
			isa = PBXGroup;
			children = (
				7753E66829517B300067A263 /* CreateStuViewModel.swift */,
			);
			path = ViewModel;
			sourceTree = "<group>";
		};
		7753E674295535590067A263 /* auth */ = {
			isa = PBXGroup;
			children = (
				7753E66E29546D950067A263 /* RefreshModel.swift */,
				7753E67029546DF80067A263 /* RefreshRequest.swift */,
				7753E64729500E3F0067A263 /* LoginModel.swift */,
				7753E64929500EC60067A263 /* LoginRequest.swift */,
				7753E64B29500FD20067A263 /* LoginServices.swift */,
				7753E64D29500FF60067A263 /* SignUpModel.swift */,
				7753E64F295010050067A263 /* SignUpRequest.swift */,
			);
			path = auth;
			sourceTree = "<group>";
		};
		7753E675295535840067A263 /* General */ = {
			isa = PBXGroup;
			children = (
				7753E642294C3EB30067A263 /* GeneralAPI.swift */,
				7753E644294C3FBC0067A263 /* NetworkResult.swift */,
			);
			path = General;
			sourceTree = "<group>";
		};
		7753E676295535950067A263 /* Main */ = {
			isa = PBXGroup;
			children = (
				7753E656295145080067A263 /* MainServices.swift */,
				7753E658295146420067A263 /* ListModel.swift */,
				7753E65A295146520067A263 /* ListRequest.swift */,
			);
			path = Main;
			sourceTree = "<group>";
		};
		7753E677295535A70067A263 /* Create */ = {
			isa = PBXGroup;
			children = (
				7753E67A295535CC0067A263 /* CheckHomebaseModel.swift */,
				7753E67D295535DA0067A263 /* CheckHomebaseRequest.swift */,
				7753E67F295535E40067A263 /* CheckAudiovisualModel.swift */,
				7753E681295535F50067A263 /* CheckAudiovisualRequest.swift */,
			);
			path = Create;
			sourceTree = "<group>";
		};
		7753E68329554DE50067A263 /* Auth */ = {
			isa = PBXGroup;
			children = (
				7753E652295024B60067A263 /* SignUp.swift */,
				7753E654295027BE0067A263 /* Login.swift */,
				7753E6722954715D0067A263 /* Refresh.swift */,
			);
			path = Auth;
			sourceTree = "<group>";
		};
		7753E68429554DED0067A263 /* Main */ = {
			isa = PBXGroup;
			children = (
			);
			path = Main;
			sourceTree = "<group>";
		};
		7753E68529554E3F0067A263 /* Main */ = {
			isa = PBXGroup;
			children = (
				7753E68729554E4A0067A263 /* ViewModel */,
				7753E68629554E430067A263 /* View */,
			);
			path = Main;
			sourceTree = "<group>";
		};
		7753E68629554E430067A263 /* View */ = {
			isa = PBXGroup;
			children = (
				7753E68829554E740067A263 /* MainViewController.swift */,
			);
			path = View;
			sourceTree = "<group>";
		};
		7753E68729554E4A0067A263 /* ViewModel */ = {
			isa = PBXGroup;
			children = (
				7753E68A29554E920067A263 /* MainViewModel.swift */,
			);
			path = ViewModel;
			sourceTree = "<group>";
		};
		77BF4CFE29400DC800330346 = {
			isa = PBXGroup;
			children = (
				77BF4D0929400DC800330346 /* idea */,
				77BF4D0829400DC800330346 /* Products */,
			);
			sourceTree = "<group>";
		};
		77BF4D0829400DC800330346 /* Products */ = {
			isa = PBXGroup;
			children = (
				77BF4D0729400DC800330346 /* idea.app */,
			);
			name = Products;
			sourceTree = "<group>";
		};
		77BF4D0929400DC800330346 /* idea */ = {
			isa = PBXGroup;
			children = (
				7753E640294C3E760067A263 /* Resource */,
				77BF4D2D294064F400330346 /* App */,
				7753E608294B31150067A263 /* Utils */,
				77BF4D362940660500330346 /* Scene */,
				7753E618294B31D20067A263 /* Font */,
				77BF4D0A29400DC800330346 /* AppDelegate.swift */,
				77BF4D0C29400DC800330346 /* SceneDelegate.swift */,
				77BF4D1329400DC900330346 /* Assets.xcassets */,
				77BF4D1529400DC900330346 /* LaunchScreen.storyboard */,
				77BF4D1829400DC900330346 /* Info.plist */,
			);
			path = idea;
			sourceTree = "<group>";
		};
		77BF4D2D294064F400330346 /* App */ = {
			isa = PBXGroup;
			children = (
				77BF4D2E294064F900330346 /* Coordinator */,
			);
			path = App;
			sourceTree = "<group>";
		};
		77BF4D2E294064F900330346 /* Coordinator */ = {
			isa = PBXGroup;
			children = (
				77BF4D1E2940645B00330346 /* MainCoordinator.swift */,
				77BF4D2F2940650400330346 /* Protocol */,
			);
			path = Coordinator;
			sourceTree = "<group>";
		};
		77BF4D2F2940650400330346 /* Protocol */ = {
			isa = PBXGroup;
			children = (
				77BF4D2B294064E300330346 /* Coordinator.swift */,
			);
			path = Protocol;
			sourceTree = "<group>";
		};
		77BF4D362940660500330346 /* Scene */ = {
			isa = PBXGroup;
			children = (
				7753E68529554E3F0067A263 /* Main */,
				7753E66329517AFB0067A263 /* CreateStu */,
				7753E65C2951788E0067A263 /* CreateCon */,
				7753E627294B3E9D0067A263 /* SignUp */,
				7753E601294B2FBD0067A263 /* Login */,
				77BF4D372940661600330346 /* Intro */,
				77BF4D382940661C00330346 /* Base */,
			);
			path = Scene;
			sourceTree = "<group>";
		};
		77BF4D372940661600330346 /* Intro */ = {
			isa = PBXGroup;
			children = (
				77BF4D3C2940665800330346 /* ViewModel */,
				77BF4D3B2940665400330346 /* View */,
			);
			path = Intro;
			sourceTree = "<group>";
		};
		77BF4D382940661C00330346 /* Base */ = {
			isa = PBXGroup;
			children = (
				77BF4D3A2940664300330346 /* ViewModel */,
				77BF4D392940663F00330346 /* View */,
			);
			path = Base;
			sourceTree = "<group>";
		};
		77BF4D392940663F00330346 /* View */ = {
			isa = PBXGroup;
			children = (
				77BF4D322940659000330346 /* BaseViewController.swift */,
			);
			path = View;
			sourceTree = "<group>";
		};
		77BF4D3A2940664300330346 /* ViewModel */ = {
			isa = PBXGroup;
			children = (
				77BF4D34294065A000330346 /* BaseViewModel.swift */,
			);
			path = ViewModel;
			sourceTree = "<group>";
		};
		77BF4D3B2940665400330346 /* View */ = {
			isa = PBXGroup;
			children = (
				77BF4D0E29400DC800330346 /* IntroViewController.swift */,
			);
			path = View;
			sourceTree = "<group>";
		};
		77BF4D3C2940665800330346 /* ViewModel */ = {
			isa = PBXGroup;
			children = (
				77BF4D302940655E00330346 /* IntroViewModel.swift */,
			);
			path = ViewModel;
			sourceTree = "<group>";
		};
/* End PBXGroup section */

/* Begin PBXNativeTarget section */
		77BF4D0629400DC800330346 /* idea */ = {
			isa = PBXNativeTarget;
			buildConfigurationList = 77BF4D1B29400DC900330346 /* Build configuration list for PBXNativeTarget "idea" */;
			buildPhases = (
				77BF4D0329400DC800330346 /* Sources */,
				77BF4D0429400DC800330346 /* Frameworks */,
				77BF4D0529400DC800330346 /* Resources */,
			);
			buildRules = (
			);
			dependencies = (
			);
			name = idea;
			packageProductDependencies = (
				77BF4D212940647500330346 /* SnapKit */,
				77BF4D242940649B00330346 /* Then */,
				77BF4D27294064BF00330346 /* RxCocoa */,
				77BF4D29294064BF00330346 /* RxSwift */,
				7753E63E294C3E020067A263 /* Moya */,
			);
			productName = idea;
			productReference = 77BF4D0729400DC800330346 /* idea.app */;
			productType = "com.apple.product-type.application";
		};
/* End PBXNativeTarget section */

/* Begin PBXProject section */
		77BF4CFF29400DC800330346 /* Project object */ = {
			isa = PBXProject;
			attributes = {
				BuildIndependentTargetsInParallel = 1;
				LastSwiftUpdateCheck = 1410;
				LastUpgradeCheck = 1410;
				TargetAttributes = {
					77BF4D0629400DC800330346 = {
						CreatedOnToolsVersion = 14.1;
					};
				};
			};
			buildConfigurationList = 77BF4D0229400DC800330346 /* Build configuration list for PBXProject "idea" */;
			compatibilityVersion = "Xcode 14.0";
			developmentRegion = en;
			hasScannedForEncodings = 0;
			knownRegions = (
				en,
				Base,
			);
			mainGroup = 77BF4CFE29400DC800330346;
			packageReferences = (
				77BF4D202940647500330346 /* XCRemoteSwiftPackageReference "SnapKit" */,
				77BF4D232940649B00330346 /* XCRemoteSwiftPackageReference "Then" */,
				77BF4D26294064BF00330346 /* XCRemoteSwiftPackageReference "RxSwift" */,
				7753E63D294C3E020067A263 /* XCRemoteSwiftPackageReference "Moya" */,
			);
			productRefGroup = 77BF4D0829400DC800330346 /* Products */;
			projectDirPath = "";
			projectRoot = "";
			targets = (
				77BF4D0629400DC800330346 /* idea */,
			);
		};
/* End PBXProject section */

/* Begin PBXResourcesBuildPhase section */
		77BF4D0529400DC800330346 /* Resources */ = {
			isa = PBXResourcesBuildPhase;
			buildActionMask = 2147483647;
			files = (
				7753E624294B39CE0067A263 /* NotoSansKR-Medium.otf in Resources */,
				7753E625294B39CE0067A263 /* NotoSansKR-Bold.otf in Resources */,
				7753E621294B39CE0067A263 /* NotoSansKR-Light.otf in Resources */,
				77BF4D1729400DC900330346 /* LaunchScreen.storyboard in Resources */,
				7753E626294B39CE0067A263 /* NotoSansKR-Thin.otf in Resources */,
				77BF4D1429400DC900330346 /* Assets.xcassets in Resources */,
				7753E622294B39CE0067A263 /* NotoSansKR-Black.otf in Resources */,
				7753E623294B39CE0067A263 /* NotoSansKR-Regular.otf in Resources */,
			);
			runOnlyForDeploymentPostprocessing = 0;
		};
/* End PBXResourcesBuildPhase section */

/* Begin PBXSourcesBuildPhase section */
		77BF4D0329400DC800330346 /* Sources */ = {
			isa = PBXSourcesBuildPhase;
			buildActionMask = 2147483647;
			files = (
				7753E605294B2FE40067A263 /* LoginViewController.swift in Sources */,
				77BF4D0F29400DC800330346 /* IntroViewController.swift in Sources */,
				77BF4D312940655E00330346 /* IntroViewModel.swift in Sources */,
				7753E66929517B300067A263 /* CreateStuViewModel.swift in Sources */,
				7753E64829500E3F0067A263 /* LoginModel.swift in Sources */,
				77BF4D1F2940645B00330346 /* MainCoordinator.swift in Sources */,
				77BF4D2C294064E300330346 /* Coordinator.swift in Sources */,
				77BF4D0B29400DC800330346 /* AppDelegate.swift in Sources */,
				7753E680295535E40067A263 /* CheckAudiovisualModel.swift in Sources */,
				7753E655295027BE0067A263 /* Login.swift in Sources */,
				7753E66F29546D950067A263 /* RefreshModel.swift in Sources */,
				7753E65B295146520067A263 /* ListRequest.swift in Sources */,
				7753E6732954715D0067A263 /* Refresh.swift in Sources */,
				7753E67B295535CC0067A263 /* CheckHomebaseModel.swift in Sources */,
				7753E650295010050067A263 /* SignUpRequest.swift in Sources */,
				7753E682295535F50067A263 /* CheckAudiovisualRequest.swift in Sources */,
				7753E659295146420067A263 /* ListModel.swift in Sources */,
				7753E660295178E10067A263 /* CreateConViewController.swift in Sources */,
				7753E645294C3FBC0067A263 /* NetworkResult.swift in Sources */,
				7753E62E294B3ECF0067A263 /* SignUpViewModel.swift in Sources */,
				7753E64A29500EC60067A263 /* LoginRequest.swift in Sources */,
				7753E643294C3EB30067A263 /* GeneralAPI.swift in Sources */,
				7753E64C29500FD20067A263 /* LoginServices.swift in Sources */,
				7753E64E29500FF60067A263 /* SignUpModel.swift in Sources */,
				77BF4D35294065A000330346 /* BaseViewModel.swift in Sources */,
				7753E66729517B230067A263 /* CreateStuViewController.swift in Sources */,
				7753E60B294B31310067A263 /* S&CFont.swift in Sources */,
				7753E620294B345E0067A263 /* S&CColor.swift in Sources */,
				77BF4D332940659000330346 /* BaseViewController.swift in Sources */,
				7753E631294B41320067A263 /* ViewModelProtocol.swift in Sources */,
				7753E633294B5A5A0067A263 /* S&CShadow.swift in Sources */,
				7753E607294B2FF00067A263 /* LoginViewModel.swift in Sources */,
				7753E67129546DF80067A263 /* RefreshRequest.swift in Sources */,
				7753E62C294B3EC50067A263 /* SignUpViewController.swift in Sources */,
				7753E68929554E740067A263 /* MainViewController.swift in Sources */,
				7753E68B29554E920067A263 /* MainViewModel.swift in Sources */,
				77BF4D0D29400DC800330346 /* SceneDelegate.swift in Sources */,
				7753E67E295535DA0067A263 /* CheckHomebaseRequest.swift in Sources */,
				7753E657295145080067A263 /* MainServices.swift in Sources */,
				7753E662295178ED0067A263 /* CreateConViewModel.swift in Sources */,
				7753E653295024B60067A263 /* SignUp.swift in Sources */,
				7753E635294B67A60067A263 /* S&CTextField.swift in Sources */,
			);
			runOnlyForDeploymentPostprocessing = 0;
		};
/* End PBXSourcesBuildPhase section */

/* Begin PBXVariantGroup section */
		77BF4D1529400DC900330346 /* LaunchScreen.storyboard */ = {
			isa = PBXVariantGroup;
			children = (
				77BF4D1629400DC900330346 /* Base */,
			);
			name = LaunchScreen.storyboard;
			sourceTree = "<group>";
		};
/* End PBXVariantGroup section */

/* Begin XCBuildConfiguration section */
		77BF4D1929400DC900330346 /* Debug */ = {
			isa = XCBuildConfiguration;
			buildSettings = {
				ALWAYS_SEARCH_USER_PATHS = NO;
				CLANG_ANALYZER_NONNULL = YES;
				CLANG_ANALYZER_NUMBER_OBJECT_CONVERSION = YES_AGGRESSIVE;
				CLANG_CXX_LANGUAGE_STANDARD = "gnu++20";
				CLANG_ENABLE_MODULES = YES;
				CLANG_ENABLE_OBJC_ARC = YES;
				CLANG_ENABLE_OBJC_WEAK = YES;
				CLANG_WARN_BLOCK_CAPTURE_AUTORELEASING = YES;
				CLANG_WARN_BOOL_CONVERSION = YES;
				CLANG_WARN_COMMA = YES;
				CLANG_WARN_CONSTANT_CONVERSION = YES;
				CLANG_WARN_DEPRECATED_OBJC_IMPLEMENTATIONS = YES;
				CLANG_WARN_DIRECT_OBJC_ISA_USAGE = YES_ERROR;
				CLANG_WARN_DOCUMENTATION_COMMENTS = YES;
				CLANG_WARN_EMPTY_BODY = YES;
				CLANG_WARN_ENUM_CONVERSION = YES;
				CLANG_WARN_INFINITE_RECURSION = YES;
				CLANG_WARN_INT_CONVERSION = YES;
				CLANG_WARN_NON_LITERAL_NULL_CONVERSION = YES;
				CLANG_WARN_OBJC_IMPLICIT_RETAIN_SELF = YES;
				CLANG_WARN_OBJC_LITERAL_CONVERSION = YES;
				CLANG_WARN_OBJC_ROOT_CLASS = YES_ERROR;
				CLANG_WARN_QUOTED_INCLUDE_IN_FRAMEWORK_HEADER = YES;
				CLANG_WARN_RANGE_LOOP_ANALYSIS = YES;
				CLANG_WARN_STRICT_PROTOTYPES = YES;
				CLANG_WARN_SUSPICIOUS_MOVE = YES;
				CLANG_WARN_UNGUARDED_AVAILABILITY = YES_AGGRESSIVE;
				CLANG_WARN_UNREACHABLE_CODE = YES;
				CLANG_WARN__DUPLICATE_METHOD_MATCH = YES;
				COPY_PHASE_STRIP = NO;
				DEBUG_INFORMATION_FORMAT = dwarf;
				ENABLE_STRICT_OBJC_MSGSEND = YES;
				ENABLE_TESTABILITY = YES;
				GCC_C_LANGUAGE_STANDARD = gnu11;
				GCC_DYNAMIC_NO_PIC = NO;
				GCC_NO_COMMON_BLOCKS = YES;
				GCC_OPTIMIZATION_LEVEL = 0;
				GCC_PREPROCESSOR_DEFINITIONS = (
					"DEBUG=1",
					"$(inherited)",
				);
				GCC_WARN_64_TO_32_BIT_CONVERSION = YES;
				GCC_WARN_ABOUT_RETURN_TYPE = YES_ERROR;
				GCC_WARN_UNDECLARED_SELECTOR = YES;
				GCC_WARN_UNINITIALIZED_AUTOS = YES_AGGRESSIVE;
				GCC_WARN_UNUSED_FUNCTION = YES;
				GCC_WARN_UNUSED_VARIABLE = YES;
				IPHONEOS_DEPLOYMENT_TARGET = 16.1;
				MTL_ENABLE_DEBUG_INFO = INCLUDE_SOURCE;
				MTL_FAST_MATH = YES;
				ONLY_ACTIVE_ARCH = YES;
				SDKROOT = iphoneos;
				SWIFT_ACTIVE_COMPILATION_CONDITIONS = DEBUG;
				SWIFT_OPTIMIZATION_LEVEL = "-Onone";
			};
			name = Debug;
		};
		77BF4D1A29400DC900330346 /* Release */ = {
			isa = XCBuildConfiguration;
			buildSettings = {
				ALWAYS_SEARCH_USER_PATHS = NO;
				CLANG_ANALYZER_NONNULL = YES;
				CLANG_ANALYZER_NUMBER_OBJECT_CONVERSION = YES_AGGRESSIVE;
				CLANG_CXX_LANGUAGE_STANDARD = "gnu++20";
				CLANG_ENABLE_MODULES = YES;
				CLANG_ENABLE_OBJC_ARC = YES;
				CLANG_ENABLE_OBJC_WEAK = YES;
				CLANG_WARN_BLOCK_CAPTURE_AUTORELEASING = YES;
				CLANG_WARN_BOOL_CONVERSION = YES;
				CLANG_WARN_COMMA = YES;
				CLANG_WARN_CONSTANT_CONVERSION = YES;
				CLANG_WARN_DEPRECATED_OBJC_IMPLEMENTATIONS = YES;
				CLANG_WARN_DIRECT_OBJC_ISA_USAGE = YES_ERROR;
				CLANG_WARN_DOCUMENTATION_COMMENTS = YES;
				CLANG_WARN_EMPTY_BODY = YES;
				CLANG_WARN_ENUM_CONVERSION = YES;
				CLANG_WARN_INFINITE_RECURSION = YES;
				CLANG_WARN_INT_CONVERSION = YES;
				CLANG_WARN_NON_LITERAL_NULL_CONVERSION = YES;
				CLANG_WARN_OBJC_IMPLICIT_RETAIN_SELF = YES;
				CLANG_WARN_OBJC_LITERAL_CONVERSION = YES;
				CLANG_WARN_OBJC_ROOT_CLASS = YES_ERROR;
				CLANG_WARN_QUOTED_INCLUDE_IN_FRAMEWORK_HEADER = YES;
				CLANG_WARN_RANGE_LOOP_ANALYSIS = YES;
				CLANG_WARN_STRICT_PROTOTYPES = YES;
				CLANG_WARN_SUSPICIOUS_MOVE = YES;
				CLANG_WARN_UNGUARDED_AVAILABILITY = YES_AGGRESSIVE;
				CLANG_WARN_UNREACHABLE_CODE = YES;
				CLANG_WARN__DUPLICATE_METHOD_MATCH = YES;
				COPY_PHASE_STRIP = NO;
				DEBUG_INFORMATION_FORMAT = "dwarf-with-dsym";
				ENABLE_NS_ASSERTIONS = NO;
				ENABLE_STRICT_OBJC_MSGSEND = YES;
				GCC_C_LANGUAGE_STANDARD = gnu11;
				GCC_NO_COMMON_BLOCKS = YES;
				GCC_WARN_64_TO_32_BIT_CONVERSION = YES;
				GCC_WARN_ABOUT_RETURN_TYPE = YES_ERROR;
				GCC_WARN_UNDECLARED_SELECTOR = YES;
				GCC_WARN_UNINITIALIZED_AUTOS = YES_AGGRESSIVE;
				GCC_WARN_UNUSED_FUNCTION = YES;
				GCC_WARN_UNUSED_VARIABLE = YES;
				IPHONEOS_DEPLOYMENT_TARGET = 16.1;
				MTL_ENABLE_DEBUG_INFO = NO;
				MTL_FAST_MATH = YES;
				SDKROOT = iphoneos;
				SWIFT_COMPILATION_MODE = wholemodule;
				SWIFT_OPTIMIZATION_LEVEL = "-O";
				VALIDATE_PRODUCT = YES;
			};
			name = Release;
		};
		77BF4D1C29400DC900330346 /* Debug */ = {
			isa = XCBuildConfiguration;
			buildSettings = {
				ASSETCATALOG_COMPILER_APPICON_NAME = AppIcon;
				ASSETCATALOG_COMPILER_GLOBAL_ACCENT_COLOR_NAME = AccentColor;
				CODE_SIGN_STYLE = Automatic;
				CURRENT_PROJECT_VERSION = 1;
				GENERATE_INFOPLIST_FILE = YES;
				INFOPLIST_FILE = idea/Info.plist;
				INFOPLIST_KEY_UIApplicationSupportsIndirectInputEvents = YES;
				INFOPLIST_KEY_UILaunchStoryboardName = LaunchScreen;
				INFOPLIST_KEY_UISupportedInterfaceOrientations_iPad = "UIInterfaceOrientationPortrait UIInterfaceOrientationPortraitUpsideDown UIInterfaceOrientationLandscapeLeft UIInterfaceOrientationLandscapeRight";
				INFOPLIST_KEY_UISupportedInterfaceOrientations_iPhone = "UIInterfaceOrientationPortrait UIInterfaceOrientationLandscapeLeft UIInterfaceOrientationLandscapeRight";
				LD_RUNPATH_SEARCH_PATHS = (
					"$(inherited)",
					"@executable_path/Frameworks",
				);
				MARKETING_VERSION = 1.0;
				PRODUCT_BUNDLE_IDENTIFIER = Minjae.idea;
				PRODUCT_NAME = "$(TARGET_NAME)";
				SWIFT_EMIT_LOC_STRINGS = YES;
				SWIFT_VERSION = 5.0;
				TARGETED_DEVICE_FAMILY = "1,2";
			};
			name = Debug;
		};
		77BF4D1D29400DC900330346 /* Release */ = {
			isa = XCBuildConfiguration;
			buildSettings = {
				ASSETCATALOG_COMPILER_APPICON_NAME = AppIcon;
				ASSETCATALOG_COMPILER_GLOBAL_ACCENT_COLOR_NAME = AccentColor;
				CODE_SIGN_STYLE = Automatic;
				CURRENT_PROJECT_VERSION = 1;
				GENERATE_INFOPLIST_FILE = YES;
				INFOPLIST_FILE = idea/Info.plist;
				INFOPLIST_KEY_UIApplicationSupportsIndirectInputEvents = YES;
				INFOPLIST_KEY_UILaunchStoryboardName = LaunchScreen;
				INFOPLIST_KEY_UISupportedInterfaceOrientations_iPad = "UIInterfaceOrientationPortrait UIInterfaceOrientationPortraitUpsideDown UIInterfaceOrientationLandscapeLeft UIInterfaceOrientationLandscapeRight";
				INFOPLIST_KEY_UISupportedInterfaceOrientations_iPhone = "UIInterfaceOrientationPortrait UIInterfaceOrientationLandscapeLeft UIInterfaceOrientationLandscapeRight";
				LD_RUNPATH_SEARCH_PATHS = (
					"$(inherited)",
					"@executable_path/Frameworks",
				);
				MARKETING_VERSION = 1.0;
				PRODUCT_BUNDLE_IDENTIFIER = Minjae.idea;
				PRODUCT_NAME = "$(TARGET_NAME)";
				SWIFT_EMIT_LOC_STRINGS = YES;
				SWIFT_VERSION = 5.0;
				TARGETED_DEVICE_FAMILY = "1,2";
			};
			name = Release;
		};
/* End XCBuildConfiguration section */

/* Begin XCConfigurationList section */
		77BF4D0229400DC800330346 /* Build configuration list for PBXProject "idea" */ = {
			isa = XCConfigurationList;
			buildConfigurations = (
				77BF4D1929400DC900330346 /* Debug */,
				77BF4D1A29400DC900330346 /* Release */,
			);
			defaultConfigurationIsVisible = 0;
			defaultConfigurationName = Release;
		};
		77BF4D1B29400DC900330346 /* Build configuration list for PBXNativeTarget "idea" */ = {
			isa = XCConfigurationList;
			buildConfigurations = (
				77BF4D1C29400DC900330346 /* Debug */,
				77BF4D1D29400DC900330346 /* Release */,
			);
			defaultConfigurationIsVisible = 0;
			defaultConfigurationName = Release;
		};
/* End XCConfigurationList section */

/* Begin XCRemoteSwiftPackageReference section */
		7753E63D294C3E020067A263 /* XCRemoteSwiftPackageReference "Moya" */ = {
			isa = XCRemoteSwiftPackageReference;
			repositoryURL = "https://github.com/Moya/Moya";
			requirement = {
				branch = master;
				kind = branch;
			};
		};
		77BF4D202940647500330346 /* XCRemoteSwiftPackageReference "SnapKit" */ = {
			isa = XCRemoteSwiftPackageReference;
			repositoryURL = "https://github.com/SnapKit/SnapKit";
			requirement = {
				branch = develop;
				kind = branch;
			};
		};
		77BF4D232940649B00330346 /* XCRemoteSwiftPackageReference "Then" */ = {
			isa = XCRemoteSwiftPackageReference;
			repositoryURL = "https://github.com/devxoul/Then";
			requirement = {
				branch = master;
				kind = branch;
			};
		};
		77BF4D26294064BF00330346 /* XCRemoteSwiftPackageReference "RxSwift" */ = {
			isa = XCRemoteSwiftPackageReference;
			repositoryURL = "https://github.com/ReactiveX/RxSwift";
			requirement = {
				branch = main;
				kind = branch;
			};
		};
/* End XCRemoteSwiftPackageReference section */

/* Begin XCSwiftPackageProductDependency section */
		7753E63E294C3E020067A263 /* Moya */ = {
			isa = XCSwiftPackageProductDependency;
			package = 7753E63D294C3E020067A263 /* XCRemoteSwiftPackageReference "Moya" */;
			productName = Moya;
		};
		77BF4D212940647500330346 /* SnapKit */ = {
			isa = XCSwiftPackageProductDependency;
			package = 77BF4D202940647500330346 /* XCRemoteSwiftPackageReference "SnapKit" */;
			productName = SnapKit;
		};
		77BF4D242940649B00330346 /* Then */ = {
			isa = XCSwiftPackageProductDependency;
			package = 77BF4D232940649B00330346 /* XCRemoteSwiftPackageReference "Then" */;
			productName = Then;
		};
		77BF4D27294064BF00330346 /* RxCocoa */ = {
			isa = XCSwiftPackageProductDependency;
			package = 77BF4D26294064BF00330346 /* XCRemoteSwiftPackageReference "RxSwift" */;
			productName = RxCocoa;
		};
		77BF4D29294064BF00330346 /* RxSwift */ = {
			isa = XCSwiftPackageProductDependency;
			package = 77BF4D26294064BF00330346 /* XCRemoteSwiftPackageReference "RxSwift" */;
			productName = RxSwift;
		};
/* End XCSwiftPackageProductDependency section */
	};
	rootObject = 77BF4CFF29400DC800330346 /* Project object */;
}
